
Microsoft Visual Studio Solution File, Format Version 12.00
# Visual Studio Version 16
VisualStudioVersion = 16.0.29806.167
MinimumVisualStudioVersion = 10.0.40219.1
Project("{FAE04EC0-301F-11D3-BF4B-00C04F79EFBC}") = "LibraryServices", "LibraryServices\LibraryServices.csproj", "{5643693D-576E-4D19-8CC2-7605012C9E01}"
EndProject
Global
	GlobalSection(SolutionConfigurationPlatforms) = preSolution
		Debug|Any CPU = Debug|Any CPU
		Release|Any CPU = Release|Any CPU
	EndGlobalSection
	GlobalSection(ProjectConfigurationPlatforms) = postSolution
		{5643693D-576E-4D19-8CC2-7605012C9E01}.Debug|Any CPU.ActiveCfg = Debug|Any CPU
		{5643693D-576E-4D19-8CC2-7605012C9E01}.Debug|Any CPU.Build.0 = Debug|Any CPU
		{5643693D-576E-4D19-8CC2-7605012C9E01}.Release|Any CPU.ActiveCfg = Release|Any CPU
		{5643693D-576E-4D19-8CC2-7605012C9E01}.Release|Any CPU.Build.0 = Release|Any CPU
	EndGlobalSection
	GlobalSection(SolutionProperties) = preSolution
		HideSolutionNode = FALSE
	EndGlobalSection
	GlobalSection(ExtensibilityGlobals) = postSolution
		SolutionGuid = {FB468C52-0E03-43D1-88C3-65762B864BF1}
	EndGlobalSection
EndGlobal
